
Microsoft Visual Studio Solution File, Format Version 12.00
# Visual Studio Version 17
VisualStudioVersion = 17.6.33801.468
MinimumVisualStudioVersion = 10.0.40219.1
Project("{8BC9CEB8-8B4A-11D0-8D11-00A0C91BC942}") = "BlueProtocol", "BlueProtocol\BlueProtocol.vcxproj", "{0E660C0B-EFFA-4B1D-A3E4-107CDE153044}"
EndProject
Global
	GlobalSection(SolutionConfigurationPlatforms) = preSolution
		Debug|x64 = Debug|x64
		Debug|x86 = Debug|x86
		Release|x64 = Release|x64
		Release|x86 = Release|x86
	EndGlobalSection
	GlobalSection(ProjectConfigurationPlatforms) = postSolution
		{0E660C0B-EFFA-4B1D-A3E4-107CDE153044}.Debug|x64.ActiveCfg = Debug|x64
		{0E660C0B-EFFA-4B1D-A3E4-107CDE153044}.Debug|x64.Build.0 = Debug|x64
		{0E660C0B-EFFA-4B1D-A3E4-107CDE153044}.Debug|x86.ActiveCfg = Debug|Win32
		{0E660C0B-EFFA-4B1D-A3E4-107CDE153044}.Debug|x86.Build.0 = Debug|Win32
		{0E660C0B-EFFA-4B1D-A3E4-107CDE153044}.Release|x64.ActiveCfg = Release|x64
		{0E660C0B-EFFA-4B1D-A3E4-107CDE153044}.Release|x64.Build.0 = Release|x64
		{0E660C0B-EFFA-4B1D-A3E4-107CDE153044}.Release|x86.ActiveCfg = Release|Win32
		{0E660C0B-EFFA-4B1D-A3E4-107CDE153044}.Release|x86.Build.0 = Release|Win32
	EndGlobalSection
	GlobalSection(SolutionProperties) = preSolution
		HideSolutionNode = FALSE
	EndGlobalSection
	GlobalSection(ExtensibilityGlobals) = postSolution
		SolutionGuid = {1CDCB4EA-0D11-4A61-8841-044E8AA30025}
	EndGlobalSection
EndGlobal
